{
  "name": "webblocks",
  "lockfileVersion": 3,
  "requires": true,
  "packages": {
    "": {
      "dependencies": {
        "shared_preferences": "^1.0.0"
      }
    },
    "node_modules/shared_preferences": {
      "version": "1.0.0",
      "resolved": "https://registry.npmjs.org/shared_preferences/-/shared_preferences-1.0.0.tgz",
      "integrity": "sha512-V7V65z8o7X/hjXZ2kPZhjSzjyfD9FpxrhQyBsqk+ETVryfYBSIUIKM5S1xigFrzhxnj9cLDH4Leo3pwoHlg8dQ==",
      "license": "ISC"
    }
  }
}
